
Microsoft Visual Studio Solution File, Format Version 12.00
# Visual Studio 15
VisualStudioVersion = 15.0.27130.2026
MinimumVisualStudioVersion = 10.0.40219.1
Project("{FAE04EC0-301F-11D3-BF4B-00C04F79EFBC}") = "ComportReader", "ComportReader\ComportReader.csproj", "{AB0794F1-8C30-4926-B10B-AF49AD61AF67}"
EndProject
Global
	GlobalSection(SubversionScc) = preSolution
		Svn-Managed = True
		Manager = AnkhSVN - Subversion Support for Visual Studio
	EndGlobalSection
	GlobalSection(SolutionConfigurationPlatforms) = preSolution
		Debug|Any CPU = Debug|Any CPU
		Release|Any CPU = Release|Any CPU
	EndGlobalSection
	GlobalSection(ProjectConfigurationPlatforms) = postSolution
		{AB0794F1-8C30-4926-B10B-AF49AD61AF67}.Debug|Any CPU.ActiveCfg = Debug|Any CPU
		{AB0794F1-8C30-4926-B10B-AF49AD61AF67}.Debug|Any CPU.Build.0 = Debug|Any CPU
		{AB0794F1-8C30-4926-B10B-AF49AD61AF67}.Release|Any CPU.ActiveCfg = Release|Any CPU
		{AB0794F1-8C30-4926-B10B-AF49AD61AF67}.Release|Any CPU.Build.0 = Release|Any CPU
	EndGlobalSection
	GlobalSection(SolutionProperties) = preSolution
		HideSolutionNode = FALSE
	EndGlobalSection
	GlobalSection(ExtensibilityGlobals) = postSolution
		SolutionGuid = {171D2210-B84C-419D-9FAB-961CE96E0C64}
	EndGlobalSection
EndGlobal
